{
  "version": "4",
  "specifiers": {
    "jsr:@std/assert@1": "1.0.6",
    "jsr:@std/assert@^1.0.6": "1.0.6",
    "jsr:@std/internal@^1.0.4": "1.0.4",
    "jsr:@std/testing@*": "1.0.3",
    "npm:owlelia@0.48.1": "0.48.1",
    "npm:owlelia@~0.48.1": "0.48.1"
  },
  "jsr": {
    "@std/assert@1.0.6": {
      "integrity": "1904c05806a25d94fe791d6d883b685c9e2dcd60e4f9fc30f4fc5cf010c72207",
      "dependencies": [
        "jsr:@std/internal"
      ]
    },
    "@std/internal@1.0.4": {
      "integrity": "62e8e4911527e5e4f307741a795c0b0a9e6958d0b3790716ae71ce085f755422"
    },
    "@std/testing@1.0.3": {
      "integrity": "f98c2bee53860a5916727d7e7d3abe920dd6f9edace022e2d059f00d05c2cf42",
      "dependencies": [
        "jsr:@std/assert@^1.0.6",
        "jsr:@std/internal"
      ]
    }
  },
  "npm": {
    "dayjs@1.11.12": {
      "integrity": "sha512-Rt2g+nTbLlDWZTwwrIXjy9MeiZmSDI375FvZs72ngxx8PDC6YXOeR3q5LAuPzjZQxhiWdRKac7RKV+YyQYfYIg=="
    },
    "owlelia@0.48.1": {
      "integrity": "sha512-DB5Ac4PCkqZ1uWt8HSTzaHZqh4BiS0DzluWnYFdSd9h4JITtceAq3qO3TmhiMtMJ3s/Z6YWj8sq+GS0yr6oZng==",
      "dependencies": [
        "dayjs"
      ]
    }
  },
  "workspace": {
    "dependencies": [
      "jsr:@std/assert@1",
      "npm:owlelia@~0.48.1"
    ]
  }
}
